
Microsoft Visual Studio Solution File, Format Version 12.00
# Visual Studio 15
VisualStudioVersion = 15.0.26730.10
MinimumVisualStudioVersion = 10.0.40219.1
Project("{FAE04EC0-301F-11D3-BF4B-00C04F79EFBC}") = "Ale1.View", "Ale1.View\Ale1.View.csproj", "{E5CF8CFB-00CB-4342-9EF1-1C3C7AEB1F1D}"
EndProject
Project("{F2A71F9B-5D33-465A-A702-920D77279786}") = "Ale1.Parser", "Ale1.Parser\Ale1.Parser.fsproj", "{87D83AD9-4C76-48EC-BC97-9757A0260BDD}"
EndProject
Project("{FAE04EC0-301F-11D3-BF4B-00C04F79EFBC}") = "Ale1.Common", "Ale1.Common\Ale1.Common.csproj", "{60980792-67DD-4448-9E73-AF1F3205A354}"
EndProject
Project("{FAE04EC0-301F-11D3-BF4B-00C04F79EFBC}") = "Ale1.Parser.Test", "Ale1.Parser.Test\Ale1.Parser.Test.csproj", "{6A4D794C-70B3-426C-8151-61FD9AEAF955}"
EndProject
Project("{2150E333-8FDC-42A3-9474-1A3956D46DE8}") = "Tests", "Tests", "{C5F73ACF-4400-4C5F-922A-BDC5A018BF4E}"
EndProject
Global
	GlobalSection(SolutionConfigurationPlatforms) = preSolution
		Debug|Any CPU = Debug|Any CPU
		Release|Any CPU = Release|Any CPU
	EndGlobalSection
	GlobalSection(ProjectConfigurationPlatforms) = postSolution
		{E5CF8CFB-00CB-4342-9EF1-1C3C7AEB1F1D}.Debug|Any CPU.ActiveCfg = Debug|Any CPU
		{E5CF8CFB-00CB-4342-9EF1-1C3C7AEB1F1D}.Debug|Any CPU.Build.0 = Debug|Any CPU
		{E5CF8CFB-00CB-4342-9EF1-1C3C7AEB1F1D}.Release|Any CPU.ActiveCfg = Release|Any CPU
		{E5CF8CFB-00CB-4342-9EF1-1C3C7AEB1F1D}.Release|Any CPU.Build.0 = Release|Any CPU
		{87D83AD9-4C76-48EC-BC97-9757A0260BDD}.Debug|Any CPU.ActiveCfg = Debug|Any CPU
		{87D83AD9-4C76-48EC-BC97-9757A0260BDD}.Debug|Any CPU.Build.0 = Debug|Any CPU
		{87D83AD9-4C76-48EC-BC97-9757A0260BDD}.Release|Any CPU.ActiveCfg = Release|Any CPU
		{87D83AD9-4C76-48EC-BC97-9757A0260BDD}.Release|Any CPU.Build.0 = Release|Any CPU
		{60980792-67DD-4448-9E73-AF1F3205A354}.Debug|Any CPU.ActiveCfg = Debug|Any CPU
		{60980792-67DD-4448-9E73-AF1F3205A354}.Debug|Any CPU.Build.0 = Debug|Any CPU
		{60980792-67DD-4448-9E73-AF1F3205A354}.Release|Any CPU.ActiveCfg = Release|Any CPU
		{60980792-67DD-4448-9E73-AF1F3205A354}.Release|Any CPU.Build.0 = Release|Any CPU
		{6A4D794C-70B3-426C-8151-61FD9AEAF955}.Debug|Any CPU.ActiveCfg = Debug|Any CPU
		{6A4D794C-70B3-426C-8151-61FD9AEAF955}.Debug|Any CPU.Build.0 = Debug|Any CPU
		{6A4D794C-70B3-426C-8151-61FD9AEAF955}.Release|Any CPU.ActiveCfg = Release|Any CPU
		{6A4D794C-70B3-426C-8151-61FD9AEAF955}.Release|Any CPU.Build.0 = Release|Any CPU
	EndGlobalSection
	GlobalSection(SolutionProperties) = preSolution
		HideSolutionNode = FALSE
	EndGlobalSection
	GlobalSection(NestedProjects) = preSolution
		{6A4D794C-70B3-426C-8151-61FD9AEAF955} = {C5F73ACF-4400-4C5F-922A-BDC5A018BF4E}
	EndGlobalSection
	GlobalSection(ExtensibilityGlobals) = postSolution
		SolutionGuid = {F6AB7302-38DF-4EE5-8E08-521691BA7C24}
	EndGlobalSection
EndGlobal
